
Microsoft Visual Studio Solution File, Format Version 12.00
# Visual Studio Version 17
VisualStudioVersion = 17.3.32804.467
MinimumVisualStudioVersion = 10.0.40219.1
Project("{FAE04EC0-301F-11D3-BF4B-00C04F79EFBC}") = "Employes", "Employes\Employes.csproj", "{32253536-D9A9-4159-93FC-6CEDCB4ED325}"
EndProject
Project("{FAE04EC0-301F-11D3-BF4B-00C04F79EFBC}") = "DataLayer", "DataLayer\DataLayer.csproj", "{C2745444-B2B7-4120-A1C6-C8E643272784}"
EndProject
Project("{FAE04EC0-301F-11D3-BF4B-00C04F79EFBC}") = "TestEmployeeApp", "TestEmployeeApp\TestEmployeeApp.csproj", "{486088E3-DC18-458D-89A9-FB0DF1C57164}"
EndProject
Global
	GlobalSection(SolutionConfigurationPlatforms) = preSolution
		Debug|Any CPU = Debug|Any CPU
		Release|Any CPU = Release|Any CPU
	EndGlobalSection
	GlobalSection(ProjectConfigurationPlatforms) = postSolution
		{32253536-D9A9-4159-93FC-6CEDCB4ED325}.Debug|Any CPU.ActiveCfg = Debug|Any CPU
		{32253536-D9A9-4159-93FC-6CEDCB4ED325}.Debug|Any CPU.Build.0 = Debug|Any CPU
		{32253536-D9A9-4159-93FC-6CEDCB4ED325}.Release|Any CPU.ActiveCfg = Release|Any CPU
		{32253536-D9A9-4159-93FC-6CEDCB4ED325}.Release|Any CPU.Build.0 = Release|Any CPU
		{C2745444-B2B7-4120-A1C6-C8E643272784}.Debug|Any CPU.ActiveCfg = Debug|Any CPU
		{C2745444-B2B7-4120-A1C6-C8E643272784}.Debug|Any CPU.Build.0 = Debug|Any CPU
		{C2745444-B2B7-4120-A1C6-C8E643272784}.Release|Any CPU.ActiveCfg = Release|Any CPU
		{C2745444-B2B7-4120-A1C6-C8E643272784}.Release|Any CPU.Build.0 = Release|Any CPU
		{486088E3-DC18-458D-89A9-FB0DF1C57164}.Debug|Any CPU.ActiveCfg = Debug|Any CPU
		{486088E3-DC18-458D-89A9-FB0DF1C57164}.Debug|Any CPU.Build.0 = Debug|Any CPU
		{486088E3-DC18-458D-89A9-FB0DF1C57164}.Release|Any CPU.ActiveCfg = Release|Any CPU
		{486088E3-DC18-458D-89A9-FB0DF1C57164}.Release|Any CPU.Build.0 = Release|Any CPU
	EndGlobalSection
	GlobalSection(SolutionProperties) = preSolution
		HideSolutionNode = FALSE
	EndGlobalSection
	GlobalSection(ExtensibilityGlobals) = postSolution
		SolutionGuid = {7C65499B-B60F-49DE-B68E-9479A637ABFA}
	EndGlobalSection
EndGlobal
